<?xml version="1.0" encoding="utf-8"?>
<Project ToolsVersion="4.0" xmlns="http://schemas.microsoft.com/developer/msbuild/2003">
  <ItemGroup>
    <ClCompile Include="AudioManager.cpp" />
    <ClCompile Include="entity\BulletFiring.cpp" />
    <ClCompile Include="entity\BulletManager.cpp" />
    <ClCompile Include="entity\DivideOnContact.cpp" />
    <ClCompile Include="entity\Drawables\DrawableInstancedModel.cpp" />
    <ClCompile Include="entity\Health.cpp" />
    <ClCompile Include="GuiManager.cpp" />
    <ClCompile Include="OctTree.cpp" />
    <ClCompile Include="entity\Bomb.cpp" />
    <ClCompile Include="entity\Bullet.cpp" />
    <ClCompile Include="entity\ExplodeOnContact.cpp" />
    <ClCompile Include="res\post processes\Contrast.cpp" />
    <ClCompile Include="entity\AIComponent.cpp" />
    <ClCompile Include="entity\Asteroid.cpp" />
    <ClCompile Include="entity\Collider.cpp" />
    <ClCompile Include="entity\Component.cpp" />
    <ClCompile Include="entity\Drawable.cpp" />
    <ClCompile Include="entity\Enemy.cpp" />
    <ClCompile Include="entity\GameObject.cpp" />
    <ClCompile Include="entity\Light.cpp" />
    <ClCompile Include="entity\PhysicsComponent.cpp" />
    <ClCompile Include="entity\PlayerCameraComponent.cpp" />
    <ClCompile Include="entity\PlayerControls.cpp" />
    <ClCompile Include="entity\PrintUponCollision.cpp" />
    <ClCompile Include="entity\Spacecraft.cpp" />
    <ClCompile Include="entity\Transform.cpp" />
    <ClCompile Include="entity\Wobble.cpp" />
    <ClCompile Include="framework\Camera.cpp" />
    <ClCompile Include="framework\d3dApp.cpp" />
    <ClCompile Include="framework\d3dUtil.cpp" />
    <ClCompile Include="framework\GameTimer.cpp" />
    <ClCompile Include="framework\GeometryGenerator.cpp" />
    <ClCompile Include="framework\LERP.cpp" />
    <ClCompile Include="framework\LightHelper.cpp" />
    <ClCompile Include="framework\quaternionMath.cpp" />
    <ClCompile Include="framework\MathHelper.cpp" />
    <ClCompile Include="framework\OBJLoader.cpp" />
    <ClCompile Include="framework\SDKwavefile.cpp" />
    <ClCompile Include="framework\TextureMgr.cpp" />
    <ClCompile Include="framework\Waves.cpp" />
    <ClCompile Include="framework\xnacollision.cpp" />
    <ClCompile Include="GameState.cpp" />
    <ClCompile Include="input.cpp" />
    <ClCompile Include="Main.cpp" />
    <ClCompile Include="PhysicsManager.cpp" />
    <ClCompile Include="ResourceManager.cpp" />
    <ClCompile Include="entity\Skybox.cpp" />
    <ClCompile Include="res\post processes\Glow.cpp" />
    <ClCompile Include="SceneManager.cpp" />
    <ClCompile Include="StateManager.cpp" />
    <ClCompile Include="states\TestState.cpp" />
    <ClCompile Include="states\MainMenu.cpp" />
  </ItemGroup>
  <ItemGroup>
    <ClInclude Include="AudioManager.h" />
    <ClInclude Include="entity\BulletFiring.h" />
    <ClInclude Include="entity\BulletManager.h" />
    <ClInclude Include="entity\DivideOnContact.h" />
    <ClInclude Include="entity\Drawables\DrawableInstancedModel.h" />
    <ClInclude Include="entity\Health.h" />
    <ClInclude Include="GuiManager.h" />
    <ClInclude Include="OctTree.h" />
    <ClInclude Include="entity\Bomb.h" />
    <ClInclude Include="entity\Bullet.h" />
    <ClInclude Include="entity\ExplodeOnContact.h" />
    <ClInclude Include="res\post processes\Contrast.h" />
    <ClInclude Include="entity\AIComponent.h" />
    <ClInclude Include="entity\Asteroid.h" />
    <ClInclude Include="entity\Collider.h" />
    <ClInclude Include="entity\Component.h" />
    <ClInclude Include="entity\Drawable.h" />
    <ClInclude Include="entity\Enemy.h" />
    <ClInclude Include="entity\GameObject.h" />
    <ClInclude Include="entity\Light.h" />
    <ClInclude Include="entity\PhysicsComponent.h" />
    <ClInclude Include="entity\PlayerCameraComponent.h" />
    <ClInclude Include="entity\PlayerControls.h" />
    <ClInclude Include="entity\PrintUponCollision.h" />
    <ClInclude Include="entity\Spacecraft.h" />
    <ClInclude Include="entity\Transform.h" />
    <ClInclude Include="entity\Wobble.h" />
    <ClInclude Include="framework\Camera.h" />
    <ClInclude Include="framework\d3dApp.h" />
    <ClInclude Include="framework\d3dUtil.h" />
    <ClInclude Include="framework\d3dx11effect.h" />
    <ClInclude Include="framework\GameTimer.h" />
    <ClInclude Include="framework\GeometryGenerator.h" />
    <ClInclude Include="framework\LERP.h" />
    <ClInclude Include="framework\LightHelper.h" />
    <ClInclude Include="framework\quaternionMath.h" />
    <ClInclude Include="framework\MathHelper.h" />
    <ClInclude Include="framework\OBJLoader.h" />
    <ClInclude Include="framework\SDKwavefile.h" />
    <ClInclude Include="framework\TextureMgr.h" />
    <ClInclude Include="framework\Waves.h" />
    <ClInclude Include="framework\xnacollision.h" />
    <ClInclude Include="GameState.h" />
    <ClInclude Include="input.h" />
    <ClInclude Include="PhysicsManager.h" />
    <ClInclude Include="ResourceManager.h" />
    <ClInclude Include="entity\Skybox.h" />
    <ClInclude Include="res\post processes\Glow.h" />
    <ClInclude Include="SceneManager.h" />
    <ClInclude Include="StateManager.h" />
    <ClInclude Include="states\TestState.h" />
    <ClInclude Include="states\MainMenu.h" />
  </ItemGroup>
  <ItemGroup>
    <Library Include="framework\Effects11.lib" />
    <Library Include="framework\Effects11d.lib" />
  </ItemGroup>
</Project>